<?xml version="1.0" encoding="UTF-8" standalone="yes" ?>
<CodeBlocks_project_file>
	<FileVersion major="1" minor="6" />
	<Project>
		<Option title="MineServer" />
		<Option pch_mode="2" />
		<Option compiler="gcc" />
		<Build>
			<Target title="Debug">
				<Option output="bin/Debug/MineServer" prefix_auto="1" extension_auto="1" />
				<Option object_output="obj/Debug/" />
				<Option type="1" />
				<Option compiler="gcc" />
				<Compiler>
					<Add option="-g" />
				</Compiler>
			</Target>
			<Target title="Release">
				<Option output="bin/Release/MineServer" prefix_auto="1" extension_auto="1" />
				<Option object_output="obj/Release/" />
				<Option type="1" />
				<Option compiler="gcc" />
				<Compiler>
					<Add option="-O2" />
				</Compiler>
				<Linker>
					<Add option="-s" />
				</Linker>
			</Target>
		</Build>
		<Compiler>
			<Add option="-Wall" />
			<Add option="-fexceptions" />
			<Add directory="Libraries/SDL2-devel-2.0.3-mingw/SDL2-2.0.3/i686-w64-mingw32/include/SDL2" />
		</Compiler>
		<Linker>
			<Add option="-lmingw32 -lSDL2main -lSDL2" />
			<Add library="libws2_32.a" />
			<Add directory="Libraries/SDL2-devel-2.0.3-mingw/SDL2-2.0.3/i686-w64-mingw32/lib" />
		</Linker>
		<Unit filename="Main.h" />
		<Unit filename="Net.cpp" />
		<Unit filename="Net.h" />
		<Unit filename="StartServer.cpp" />
		<Unit filename="libraries.h" />
		<Unit filename="main.cpp" />
		<Unit filename="objects.h" />
		<Unit filename="objects/Environment.cpp" />
		<Unit filename="objects/Environment.h" />
		<Unit filename="objects/Environment/Live.cpp" />
		<Unit filename="objects/Environment/Live.h" />
		<Unit filename="objects/Environment/Live/Characters.cpp" />
		<Unit filename="objects/Environment/Live/Characters.h" />
		<Unit filename="objects/Environment/Live/Mobs.cpp" />
		<Unit filename="objects/Environment/Live/Mobs.h" />
		<Unit filename="objects/Environment/NonLive.cpp" />
		<Unit filename="objects/Environment/NonLive.h" />
		<Unit filename="objects/Environment/NonLive/Ground.cpp" />
		<Unit filename="objects/Environment/NonLive/Ground.h" />
		<Unit filename="objects/Environment/NonLive/Objects.cpp" />
		<Unit filename="objects/Environment/NonLive/Objects.h" />
		<Unit filename="objects/Environment/NonLive/Objects/Normal.cpp" />
		<Unit filename="objects/Environment/NonLive/Objects/Normal.h" />
		<Unit filename="objects/Environment/NonLive/Objects/Trigger.cpp" />
		<Unit filename="objects/Environment/NonLive/Objects/Trigger.h" />
		<Unit filename="objects/Environment/NonLive/Objects/Wtrig.cpp" />
		<Unit filename="objects/Environment/NonLive/Objects/Wtrig.h" />
		<Unit filename="objects/Items.cpp" />
		<Unit filename="objects/Items.h" />
		<Unit filename="objects/Items/Equip.cpp" />
		<Unit filename="objects/Items/Equip.h" />
		<Unit filename="objects/Items/Equip/Armor.cpp" />
		<Unit filename="objects/Items/Equip/Armor.h" />
		<Unit filename="objects/Items/Equip/Weapon.cpp" />
		<Unit filename="objects/Items/Equip/Weapon.h" />
		<Unit filename="objects/Items/Equip/Weapon/Melee.cpp" />
		<Unit filename="objects/Items/Equip/Weapon/Melee.h" />
		<Unit filename="objects/Items/Equip/Weapon/Range.cpp" />
		<Unit filename="objects/Items/Equip/Weapon/Range.h" />
		<Unit filename="objects/Items/Usable.cpp" />
		<Unit filename="objects/Items/Usable.h" />
		<Unit filename="struct.cpp" />
		<Unit filename="struct.h" />
		<Extensions>
			<code_completion />
			<envvars />
			<debugger />
			<lib_finder disable_auto="1" />
		</Extensions>
	</Project>
</CodeBlocks_project_file>
